schema: '2.0'
stages:
  load_data:
    cmd: rye run python src/hydra_dvc_practice/load_data.py
    deps:
    - path: src/hydra_dvc_practice/load_data.py
      hash: md5
      md5: 615eaf5882f5bc269938140317c166d3
      size: 1205
    params:
      params.yaml:
        seed: 1
        target: target
        test_size: 0.2
    outs:
    - path: data/test.csv
      hash: md5
      md5: af1ab44c4b598a001cf82ebf80b1c0cd
      size: 24750
    - path: data/train.csv
      hash: md5
      md5: 47d3311b4378eb387bca7ceb9a917cea
      size: 97127
  preprocess:
    cmd: rye run python src/hydra_dvc_practice/preprocess.py
    deps:
    - path: data/test.csv
      hash: md5
      md5: af1ab44c4b598a001cf82ebf80b1c0cd
      size: 24750
    - path: data/train.csv
      hash: md5
      md5: 47d3311b4378eb387bca7ceb9a917cea
      size: 97127
    - path: src/hydra_dvc_practice/preprocess.py
      hash: md5
      md5: e54f10e62dfe0159a19ca334a6ef76ec
      size: 1494
    outs:
    - path: data/test_scaled.csv
      hash: md5
      md5: b9cf232ecc79031ce7bb4ec065c92b40
      size: 68411
    - path: data/train_scaled.csv
      hash: md5
      md5: e4dd9e44a910d27a0b46aa9975175ab7
      size: 270882
  train:
    cmd: rye run python src/hydra_dvc_practice/train.py
    deps:
    - path: data/test_scaled.csv
      hash: md5
      md5: b9cf232ecc79031ce7bb4ec065c92b40
      size: 68411
    - path: data/train_scaled.csv
      hash: md5
      md5: e4dd9e44a910d27a0b46aa9975175ab7
      size: 270882
    - path: src/hydra_dvc_practice/train.py
      hash: md5
      md5: 21427cd4d3418df6fe0057cf910852eb
      size: 907
    outs:
    - path: data/model.pkl
      hash: md5
      md5: c38580e468f2a51493b4541d65edc67c
      size: 2063
    - path: data/model_params.json
      hash: md5
      md5: a74d4dc6761d8fdfd293c0f1d1dc27e7
      size: 273
  eval:
    cmd: rye run python src/hydra_dvc_practice/eval.py
    deps:
    - path: data/model.pkl
      hash: md5
      md5: c38580e468f2a51493b4541d65edc67c
      size: 2063
    - path: src/hydra_dvc_practice/eval.py
      hash: md5
      md5: 472a2b94f4d2bfabd532c7c0e7528301
      size: 1407
    outs:
    - path: data/evaluation_results.json
      hash: md5
      md5: 5c3b7e32676188220bb95648ab97753b
      size: 121
    - path: data/test_predictions.csv
      hash: md5
      md5: d03a2d5d4ebf25ae54e8c65f9e648e73
      size: 67510
