# generated by rye
# use `rye lock` or `rye sync` to update this lockfile
#
# last locked with the following flags:
#   pre: false
#   features: []
#   all-features: false
#   with-sources: false

-e file:.
aiohttp==3.9.5
    # via aiohttp-retry
    # via fsspec
    # via gcsfs
aiohttp-retry==2.8.3
    # via dvc-http
    # via scmrepo
aiosignal==1.3.1
    # via aiohttp
amqp==5.2.0
    # via kombu
annotated-types==0.6.0
    # via pydantic
antlr4-python3-runtime==4.9.3
    # via hydra-core
    # via omegaconf
appdirs==1.4.4
    # via iterative-telemetry
asyncssh==2.14.2
    # via scmrepo
atpublic==4.1.0
    # via flufl-lock
attrs==23.2.0
    # via aiohttp
    # via dvc
    # via dvc-data
    # via sqltrie
billiard==4.2.0
    # via celery
cachetools==5.3.3
    # via google-auth
celery==5.4.0
    # via dvc
    # via dvc-task
certifi==2024.2.2
    # via requests
cffi==1.16.0
    # via cryptography
    # via pygit2
cfgv==3.4.0
    # via pre-commit
charset-normalizer==3.3.2
    # via requests
click==8.1.7
    # via celery
    # via click-didyoumean
    # via click-plugins
    # via click-repl
    # via typer
click-didyoumean==0.3.1
    # via celery
click-plugins==1.1.1
    # via celery
click-repl==0.3.0
    # via celery
colorama==0.4.6
    # via dvc
colorlog==6.8.2
    # via hydra-colorlog
configobj==5.0.8
    # via dvc
cryptography==42.0.5
    # via asyncssh
decorator==5.1.1
    # via gcsfs
dictdiffer==0.9.0
    # via dvc-data
diskcache==5.6.3
    # via dvc-data
distlib==0.3.8
    # via virtualenv
distro==1.9.0
    # via dvc
    # via iterative-telemetry
dpath==2.1.6
    # via dvc
dulwich==0.22.1
    # via dvc
    # via dvc-studio-client
    # via scmrepo
dvc==3.50.1
    # via dvc-gs
    # via hydra-dvc-practice
dvc-data==3.15.1
    # via dvc
dvc-gs==3.0.1
    # via hydra-dvc-practice
dvc-http==2.32.0
    # via dvc
dvc-objects==5.1.0
    # via dvc
    # via dvc-data
dvc-render==1.0.2
    # via dvc
dvc-studio-client==0.20.0
    # via dvc
dvc-task==0.4.0
    # via dvc
entrypoints==0.4
    # via gto
filelock==3.13.4
    # via iterative-telemetry
    # via virtualenv
flatten-dict==0.4.2
    # via dvc
flufl-lock==7.1.1
    # via dvc
frozenlist==1.4.1
    # via aiohttp
    # via aiosignal
fsspec==2024.3.1
    # via dvc
    # via dvc-data
    # via dvc-http
    # via dvc-objects
    # via gcsfs
    # via scmrepo
funcy==2.0
    # via dvc
    # via dvc-data
    # via dvc-objects
    # via dvc-task
    # via gto
    # via scmrepo
gcsfs==2024.3.1
    # via dvc-gs
gitdb==4.0.11
    # via gitpython
gitpython==3.1.43
    # via scmrepo
google-api-core==2.19.0
    # via google-cloud-core
    # via google-cloud-storage
google-auth==2.29.0
    # via gcsfs
    # via google-api-core
    # via google-auth-oauthlib
    # via google-cloud-core
    # via google-cloud-storage
google-auth-oauthlib==1.2.0
    # via gcsfs
google-cloud-core==2.4.1
    # via google-cloud-storage
google-cloud-storage==2.16.0
    # via gcsfs
google-crc32c==1.5.0
    # via google-cloud-storage
    # via google-resumable-media
google-resumable-media==2.7.0
    # via google-cloud-storage
googleapis-common-protos==1.63.0
    # via google-api-core
grandalf==0.8
    # via dvc
gto==1.7.1
    # via dvc
hydra-colorlog==1.2.0
    # via hydra-dvc-practice
hydra-core==1.3.2
    # via dvc
    # via hydra-colorlog
    # via hydra-dvc-practice
identify==2.5.36
    # via pre-commit
idna==3.7
    # via requests
    # via yarl
iniconfig==2.0.0
    # via pytest
iterative-telemetry==0.0.8
    # via dvc
joblib==1.4.0
    # via hydra-dvc-practice
    # via scikit-learn
kombu==5.3.7
    # via celery
    # via dvc
    # via dvc-task
loguru==0.7.2
    # via hydra-dvc-practice
markdown-it-py==3.0.0
    # via rich
mdurl==0.1.2
    # via markdown-it-py
multidict==6.0.5
    # via aiohttp
    # via yarl
networkx==3.3
    # via dvc
nodeenv==1.8.0
    # via pre-commit
numpy==1.26.4
    # via pandas
    # via scikit-learn
    # via scipy
oauthlib==3.2.2
    # via requests-oauthlib
omegaconf==2.3.0
    # via dvc
    # via hydra-core
orjson==3.10.1
    # via sqltrie
packaging==24.0
    # via dvc
    # via hydra-core
    # via pytest
pandas==2.2.2
    # via hydra-dvc-practice
pathspec==0.12.1
    # via dvc
    # via scmrepo
platformdirs==3.11.0
    # via dvc
    # via virtualenv
pluggy==1.5.0
    # via pytest
pre-commit==3.7.0
    # via hydra-dvc-practice
prompt-toolkit==3.0.43
    # via click-repl
proto-plus==1.23.0
    # via google-api-core
protobuf==4.25.3
    # via google-api-core
    # via googleapis-common-protos
    # via proto-plus
psutil==5.9.8
    # via dvc
    # via flufl-lock
pyasn1==0.6.0
    # via pyasn1-modules
    # via rsa
pyasn1-modules==0.4.0
    # via google-auth
pycparser==2.22
    # via cffi
pydantic==2.7.1
    # via gto
pydantic-core==2.18.2
    # via pydantic
pydot==2.0.0
    # via dvc
pygit2==1.14.1
    # via scmrepo
pygments==2.17.2
    # via rich
pygtrie==2.5.0
    # via dvc
    # via dvc-data
    # via scmrepo
    # via sqltrie
pyparsing==3.1.2
    # via dvc
    # via grandalf
    # via pydot
pytest==8.2.0
    # via hydra-dvc-practice
python-dateutil==2.9.0.post0
    # via celery
    # via pandas
pytz==2024.1
    # via pandas
pyyaml==6.0.1
    # via omegaconf
    # via pre-commit
requests==2.31.0
    # via dvc
    # via dvc-studio-client
    # via gcsfs
    # via google-api-core
    # via google-cloud-storage
    # via iterative-telemetry
    # via requests-oauthlib
requests-oauthlib==2.0.0
    # via google-auth-oauthlib
rich==13.7.1
    # via dvc
    # via gto
    # via typer
rsa==4.9
    # via google-auth
ruamel-yaml==0.18.6
    # via dvc
    # via gto
ruamel-yaml-clib==0.2.8
    # via ruamel-yaml
scikit-learn==1.4.2
    # via hydra-dvc-practice
scipy==1.13.0
    # via scikit-learn
scmrepo==3.3.2
    # via dvc
    # via gto
semver==3.0.2
    # via gto
setuptools==69.5.1
    # via nodeenv
    # via zc-lockfile
shellingham==1.5.4
    # via typer
shortuuid==1.0.13
    # via dvc
    # via dvc-task
shtab==1.7.1
    # via dvc
six==1.16.0
    # via configobj
    # via flatten-dict
    # via python-dateutil
smmap==5.0.1
    # via gitdb
sqltrie==0.11.0
    # via dvc-data
tabulate==0.9.0
    # via dvc
    # via gto
threadpoolctl==3.5.0
    # via scikit-learn
tomlkit==0.12.4
    # via dvc
tqdm==4.66.2
    # via dvc
    # via dvc-data
    # via fsspec
    # via scmrepo
typer==0.12.3
    # via gto
typing-extensions==4.11.0
    # via asyncssh
    # via pydantic
    # via pydantic-core
    # via typer
tzdata==2024.1
    # via celery
    # via pandas
urllib3==2.2.1
    # via dulwich
    # via requests
vine==5.1.0
    # via amqp
    # via celery
    # via kombu
virtualenv==20.26.0
    # via pre-commit
voluptuous==0.14.2
    # via dvc
    # via dvc-studio-client
wcwidth==0.2.13
    # via prompt-toolkit
yarl==1.9.4
    # via aiohttp
zc-lockfile==3.0.post1
    # via dvc
